{
  "name": "Projet_ Lokaliser",
  "lockfileVersion": 3,
  "requires": true,
  "packages": {
    "": {
      "dependencies": {
        "@awesome-cordova-plugins/call-number": "^6.9.0"
      }
    },
    "node_modules/@awesome-cordova-plugins/call-number": {
      "version": "6.9.0",
      "resolved": "https://registry.npmjs.org/@awesome-cordova-plugins/call-number/-/call-number-6.9.0.tgz",
      "integrity": "sha512-972b0IPxwOh/OfjXk+L16u35udQUQrd2Vt03ce/QXLmTrqk7ndjobOxhQgNVLVGicMbKu1NHqwKhtp1IusAQaA==",
      "license": "MIT",
      "dependencies": {
        "@types/cordova": "latest"
      },
      "peerDependencies": {
        "@awesome-cordova-plugins/core": "^6.0.1",
        "rxjs": "^5.5.0 || ^6.5.0 || ^7.3.0"
      }
    },
    "node_modules/@awesome-cordova-plugins/core": {
      "version": "6.9.0",
      "resolved": "https://registry.npmjs.org/@awesome-cordova-plugins/core/-/core-6.9.0.tgz",
      "integrity": "sha512-3iO4xth4mVqJB1SMwA72I8Cb6FnCQwHkP2OUXpCxRNvC8ZUswQ+Mqgq2y3nL24sgD0GoybwtysGegM+jF3zteA==",
      "license": "MIT",
      "peer": true,
      "dependencies": {
        "@types/cordova": "latest"
      },
      "peerDependencies": {
        "rxjs": "^5.5.0 || ^6.5.0 || ^7.3.0"
      }
    },
    "node_modules/@types/cordova": {
      "version": "11.0.3",
      "resolved": "https://registry.npmjs.org/@types/cordova/-/cordova-11.0.3.tgz",
      "integrity": "sha512-kyuRQ40/NWQVhqGIHq78Ehu2Bf9Mlg0LhmSmis6ZFJK7z933FRfYi8tHe/k/0fB+PGfCf95rJC6TO7dopaFvAg==",
      "license": "MIT"
    },
    "node_modules/rxjs": {
      "version": "7.8.1",
      "resolved": "https://registry.npmjs.org/rxjs/-/rxjs-7.8.1.tgz",
      "integrity": "sha512-AA3TVj+0A2iuIoQkWEK/tqFjBq2j+6PO6Y0zJcvzLAFhEFIO3HL0vls9hWLncZbAAbK0mar7oZ4V079I/qPMxg==",
      "license": "Apache-2.0",
      "peer": true,
      "dependencies": {
        "tslib": "^2.1.0"
      }
    },
    "node_modules/tslib": {
      "version": "2.7.0",
      "resolved": "https://registry.npmjs.org/tslib/-/tslib-2.7.0.tgz",
      "integrity": "sha512-gLXCKdN1/j47AiHiOkJN69hJmcbGTHI0ImLmbYLHykhgeN0jVGola9yVjFgzCUklsZQMW55o+dW7IXv3RCXDzA==",
      "license": "0BSD",
      "peer": true
    }
  }
}
